	<Project xmlns="http://schemas.microsoft.com/developer/msbuild/2003">
		<PropertyGroup>
			<ProjectGuid>{93C79C9B-CD18-48C7-88A3-C5809EEF6869}</ProjectGuid>
			<MainSource>WinAdvLib.dpk</MainSource>
			<Config Condition="'$(Config)'==''">Release</Config>
			<DCC_DCCCompiler>DCC32</DCC_DCCCompiler>
			<ProjectVersion>12.0</ProjectVersion>
		</PropertyGroup>
		<PropertyGroup Condition="'$(Config)'=='Base' or '$(Base)'!=''">
			<Base>true</Base>
		</PropertyGroup>
		<PropertyGroup Condition="'$(Config)'=='Release' or '$(Cfg_1)'!=''">
			<Cfg_1>true</Cfg_1>
			<CfgParent>Base</CfgParent>
			<Base>true</Base>
		</PropertyGroup>
		<PropertyGroup Condition="'$(Config)'=='Debug' or '$(Cfg_2)'!=''">
			<Cfg_2>true</Cfg_2>
			<CfgParent>Base</CfgParent>
			<Base>true</Base>
		</PropertyGroup>
		<PropertyGroup Condition="'$(Base)'!=''">
			<DesignOnlyPackage>false</DesignOnlyPackage>
			<DllSuffix>_7_0</DllSuffix>
			<DCC_DebugInformation>false</DCC_DebugInformation>
			<DCC_DependencyCheckOutputName>C:\Users\Public\Documents\RAD Studio\7.0\Bpl\WinAdvLib_7_0.bpl</DCC_DependencyCheckOutputName>
			<DCC_LocalDebugSymbols>false</DCC_LocalDebugSymbols>
			<DCC_Description>AAA - WinAdvLib - (Super Library)</DCC_Description>
			<DCC_AssertionsAtRuntime>false</DCC_AssertionsAtRuntime>
			<DCC_OutputNeverBuildDcps>true</DCC_OutputNeverBuildDcps>
			<GenDll>true</GenDll>
			<DCC_SymbolReferenceInfo>0</DCC_SymbolReferenceInfo>
			<GenPackage>true</GenPackage>
			<DCC_ImageBase>00400000</DCC_ImageBase>
			<DCC_UnitAlias>WinTypes=Windows;WinProcs=Windows;DbiTypes=BDE;DbiProcs=BDE;DbiErrs=BDE;WinTypes=Windows;WinProcs=Windows;$(DCC_UnitAlias)</DCC_UnitAlias>
			<DCC_Platform>x86</DCC_Platform>
		</PropertyGroup>
		<PropertyGroup Condition="'$(Cfg_1)'!=''">
			<DCC_DependencyCheckOutputName>..\..\..\Lib\D2010\WinAdvLib_7_0.bpl</DCC_DependencyCheckOutputName>
			<DCC_LocalDebugSymbols>false</DCC_LocalDebugSymbols>
			<DCC_ExeOutput>..\Release</DCC_ExeOutput>
			<DCC_BplOutput>$(DLib)</DCC_BplOutput>
			<DCC_Define>RELEASE;$(DCC_Define)</DCC_Define>
			<DCC_DcuOutput>$(DLib)</DCC_DcuOutput>
			<DCC_DcpOutput>$(DLib)</DCC_DcpOutput>
			<DCC_DebugInformation>false</DCC_DebugInformation>
			<DCC_SymbolReferenceInfo>0</DCC_SymbolReferenceInfo>
		</PropertyGroup>
		<PropertyGroup Condition="'$(Cfg_2)'!=''">
			<DCC_DependencyCheckOutputName>..\..\..\Lib\D2010\Debug\WinAdvLib_7_0.bpl</DCC_DependencyCheckOutputName>
			<DCC_Define>DEBUG;$(DCC_Define)</DCC_Define>
			<DCC_BplOutput>$(DLib)\Debug</DCC_BplOutput>
			<DCC_ExeOutput>..\Debug</DCC_ExeOutput>
			<DCC_DcpOutput>$(DLib)\Debug</DCC_DcpOutput>
			<DCC_DcuOutput>$(DLib)\Debug</DCC_DcuOutput>
		</PropertyGroup>
		<ItemGroup>
			<DelphiCompile Include="WinAdvLib.dpk">
				<MainSource>MainSource</MainSource>
			</DelphiCompile>
			<DCCReference Include="WinAdvLib.dcr"/>
			<DCCReference Include="rtl.dcp"/>
			<DCCReference Include="vcl.dcp"/>
			<DCCReference Include="WinLSAUtils.pas"/>
			<BuildConfiguration Include="Base">
				<Key>Base</Key>
			</BuildConfiguration>
			<BuildConfiguration Include="Debug">
				<Key>Cfg_2</Key>
				<CfgParent>Base</CfgParent>
			</BuildConfiguration>
			<BuildConfiguration Include="Release">
				<Key>Cfg_1</Key>
				<CfgParent>Base</CfgParent>
			</BuildConfiguration>
		</ItemGroup>
		<Import Project="$(BDS)\Bin\CodeGear.Delphi.Targets" Condition="Exists('$(BDS)\Bin\CodeGear.Delphi.Targets')"/>
		<ProjectExtensions>
			<Borland.Personality>Delphi.Personality.12</Borland.Personality>
			<Borland.ProjectType>Package</Borland.ProjectType>
			<BorlandProject>
				<Delphi.Personality>
					<Source>
						<Source Name="MainSource">WinAdvLib.dpk</Source>
					</Source>
					<Parameters>
						<Parameters Name="UseLauncher">False</Parameters>
						<Parameters Name="LoadAllSymbols">True</Parameters>
						<Parameters Name="LoadUnspecifiedSymbols">False</Parameters>
					</Parameters>
					<VersionInfo>
						<VersionInfo Name="IncludeVerInfo">True</VersionInfo>
						<VersionInfo Name="AutoIncBuild">False</VersionInfo>
						<VersionInfo Name="MajorVer">7</VersionInfo>
						<VersionInfo Name="MinorVer">0</VersionInfo>
						<VersionInfo Name="Release">0</VersionInfo>
						<VersionInfo Name="Build">0</VersionInfo>
						<VersionInfo Name="Debug">False</VersionInfo>
						<VersionInfo Name="PreRelease">False</VersionInfo>
						<VersionInfo Name="Special">False</VersionInfo>
						<VersionInfo Name="Private">False</VersionInfo>
						<VersionInfo Name="DLL">False</VersionInfo>
						<VersionInfo Name="Locale">1046</VersionInfo>
						<VersionInfo Name="CodePage">1252</VersionInfo>
					</VersionInfo>
					<VersionInfoKeys>
						<VersionInfoKeys Name="CompanyName">Speechway®</VersionInfoKeys>
						<VersionInfoKeys Name="FileDescription"/>
						<VersionInfoKeys Name="FileVersion">7.0.0.0</VersionInfoKeys>
						<VersionInfoKeys Name="InternalName"/>
						<VersionInfoKeys Name="LegalCopyright"/>
						<VersionInfoKeys Name="LegalTrademarks">Speechway®</VersionInfoKeys>
						<VersionInfoKeys Name="OriginalFilename"/>
						<VersionInfoKeys Name="ProductName"/>
						<VersionInfoKeys Name="ProductVersion">7.0.0.0</VersionInfoKeys>
						<VersionInfoKeys Name="Comments"/>
					</VersionInfoKeys>
				</Delphi.Personality>
			</BorlandProject>
			<ProjectFileVersion>12</ProjectFileVersion>
		</ProjectExtensions>
	</Project>
