	<Project xmlns="http://schemas.microsoft.com/developer/msbuild/2003">
		<PropertyGroup>
			<ProjectGuid>{E8CA04DB-8F28-4110-95E3-47FB5357240F}</ProjectGuid>
			<MainSource>WinNetLib.dpk</MainSource>
			<Config Condition="'$(Config)'==''">Debug</Config>
			<DCC_DCCCompiler>DCC32</DCC_DCCCompiler>
			<ProjectVersion>12.0</ProjectVersion>
		</PropertyGroup>
		<PropertyGroup Condition="'$(Config)'=='Base' or '$(Base)'!=''">
			<Base>true</Base>
		</PropertyGroup>
		<PropertyGroup Condition="'$(Config)'=='Release' or '$(Cfg_1)'!=''">
			<Cfg_1>true</Cfg_1>
			<CfgParent>Base</CfgParent>
			<Base>true</Base>
		</PropertyGroup>
		<PropertyGroup Condition="'$(Config)'=='Debug' or '$(Cfg_2)'!=''">
			<Cfg_2>true</Cfg_2>
			<CfgParent>Base</CfgParent>
			<Base>true</Base>
		</PropertyGroup>
		<PropertyGroup Condition="'$(Base)'!=''">
			<DCC_ImageBase>00400000</DCC_ImageBase>
			<DCC_DependencyCheckOutputName>..\..\..\Lib\D2010\WinNetLib_7_0.bpl</DCC_DependencyCheckOutputName>
			<DllSuffix>_7_0</DllSuffix>
			<DCC_SymbolReferenceInfo>0</DCC_SymbolReferenceInfo>
			<DCC_DebugInformation>false</DCC_DebugInformation>
			<DCC_UnitSearchPath>$(DLib);$(DCC_UnitSearchPath)</DCC_UnitSearchPath>
			<DCC_UnitAlias>WinTypes=Windows;WinProcs=Windows;DbiTypes=BDE;DbiProcs=BDE;DbiErrs=BDE;WinTypes=Windows;WinProcs=Windows;$(DCC_UnitAlias)</DCC_UnitAlias>
			<DCC_BplOutput>$(DLib)</DCC_BplOutput>
			<DCC_Platform>x86</DCC_Platform>
			<DCC_Description>AAA - Windows Network Library - (Super Library)</DCC_Description>
			<DCC_LocalDebugSymbols>false</DCC_LocalDebugSymbols>
			<DCC_S>false</DCC_S>
			<DCC_N>true</DCC_N>
			<DCC_DcpOutput>$(DLib)</DCC_DcpOutput>
			<GenDll>true</GenDll>
			<DCC_OutputNeverBuildDcps>true</DCC_OutputNeverBuildDcps>
			<DCC_K>false</DCC_K>
			<DCC_DcuOutput>$(DLib)</DCC_DcuOutput>
			<GenPackage>true</GenPackage>
			<DCC_AssertionsAtRuntime>false</DCC_AssertionsAtRuntime>
			<DCC_F>false</DCC_F>
			<DCC_E>false</DCC_E>
		</PropertyGroup>
		<PropertyGroup Condition="'$(Cfg_1)'!=''">
			<DCC_Define>RELEASE;$(DCC_Define)</DCC_Define>
		</PropertyGroup>
		<PropertyGroup Condition="'$(Cfg_2)'!=''">
			<DCC_Define>DEBUG;$(DCC_Define)</DCC_Define>
		</PropertyGroup>
		<ItemGroup>
			<DelphiCompile Include="WinNetLib.dpk">
				<MainSource>MainSource</MainSource>
			</DelphiCompile>
			<DCCReference Include="WinNetLib.dcr"/>
			<DCCReference Include="rtl.dcp"/>
			<DCCReference Include="WinSysLib.dcp"/>
			<DCCReference Include="vcl.dcp"/>
			<DCCReference Include="XPLib.dcp"/>
			<DCCReference Include="vclx.dcp"/>
			<DCCReference Include="WNetSever.pas"/>
			<DCCReference Include="LmAccess.pas"/>
			<DCCReference Include="LmAlert.pas"/>
			<DCCReference Include="LmApibuf.pas"/>
			<DCCReference Include="LmAt.pas"/>
			<DCCReference Include="LmAudit.pas"/>
			<DCCReference Include="LmBrowsr.pas"/>
			<DCCReference Include="LmChdev.pas"/>
			<DCCReference Include="LmConfig.pas"/>
			<DCCReference Include="LmCons.pas"/>
			<DCCReference Include="LmDfs.pas"/>
			<DCCReference Include="LmErr.pas"/>
			<DCCReference Include="LmErrlog.pas"/>
			<DCCReference Include="LmJoin.pas"/>
			<DCCReference Include="LmMsg.pas"/>
			<DCCReference Include="LmRemutl.pas"/>
			<DCCReference Include="LmRepl.pas"/>
			<DCCReference Include="LmServer.pas"/>
			<DCCReference Include="LmShare.pas"/>
			<DCCReference Include="LmSname.pas"/>
			<DCCReference Include="LmStats.pas"/>
			<DCCReference Include="LmSvc.pas"/>
			<DCCReference Include="LmUse.pas"/>
			<DCCReference Include="LmUseflg.pas"/>
			<DCCReference Include="LmUtils.pas"/>
			<DCCReference Include="LmWksta.pas"/>
			<DCCReference Include="SvrApi.pas"/>
			<DCCReference Include="LmClasses.pas"/>
			<DCCReference Include="WNetExHnd.pas"/>
			<DCCReference Include="MS_ICMP.PAS"/>
			<None Include="WinNetLib.inc">
				<ContainerId>File</ContainerId>
			</None>
			<BuildConfiguration Include="Base">
				<Key>Base</Key>
			</BuildConfiguration>
			<BuildConfiguration Include="Debug">
				<Key>Cfg_2</Key>
				<CfgParent>Base</CfgParent>
			</BuildConfiguration>
			<BuildConfiguration Include="Release">
				<Key>Cfg_1</Key>
				<CfgParent>Base</CfgParent>
			</BuildConfiguration>
		</ItemGroup>
		<Import Project="$(BDS)\Bin\CodeGear.Delphi.Targets" Condition="Exists('$(BDS)\Bin\CodeGear.Delphi.Targets')"/>
		<ProjectExtensions>
			<Borland.Personality>Delphi.Personality.12</Borland.Personality>
			<Borland.ProjectType>Package</Borland.ProjectType>
			<BorlandProject>
				<Delphi.Personality>
					<Source>
						<Source Name="MainSource">WinNetLib.dpk</Source>
					</Source>
					<Parameters>
						<Parameters Name="UseLauncher">False</Parameters>
						<Parameters Name="LoadAllSymbols">True</Parameters>
						<Parameters Name="LoadUnspecifiedSymbols">False</Parameters>
					</Parameters>
					<VersionInfo>
						<VersionInfo Name="IncludeVerInfo">True</VersionInfo>
						<VersionInfo Name="AutoIncBuild">False</VersionInfo>
						<VersionInfo Name="MajorVer">7</VersionInfo>
						<VersionInfo Name="MinorVer">0</VersionInfo>
						<VersionInfo Name="Release">2005</VersionInfo>
						<VersionInfo Name="Build">6</VersionInfo>
						<VersionInfo Name="Debug">False</VersionInfo>
						<VersionInfo Name="PreRelease">False</VersionInfo>
						<VersionInfo Name="Special">False</VersionInfo>
						<VersionInfo Name="Private">False</VersionInfo>
						<VersionInfo Name="DLL">False</VersionInfo>
						<VersionInfo Name="Locale">1046</VersionInfo>
						<VersionInfo Name="CodePage">1252</VersionInfo>
					</VersionInfo>
					<VersionInfoKeys>
						<VersionInfoKeys Name="CompanyName">Speechway</VersionInfoKeys>
						<VersionInfoKeys Name="FileDescription">Windows Network Library</VersionInfoKeys>
						<VersionInfoKeys Name="FileVersion">7.0.2005.6</VersionInfoKeys>
						<VersionInfoKeys Name="InternalName"/>
						<VersionInfoKeys Name="LegalCopyright">Speechway®</VersionInfoKeys>
						<VersionInfoKeys Name="LegalTrademarks">Speechway®</VersionInfoKeys>
						<VersionInfoKeys Name="OriginalFilename"/>
						<VersionInfoKeys Name="ProductName">Super Library</VersionInfoKeys>
						<VersionInfoKeys Name="ProductVersion">7.0.2005.6</VersionInfoKeys>
						<VersionInfoKeys Name="Comments">Rogerlais Andrade</VersionInfoKeys>
					</VersionInfoKeys>
				</Delphi.Personality>
			</BorlandProject>
			<ProjectFileVersion>12</ProjectFileVersion>
		</ProjectExtensions>
	</Project>
